
Microsoft Visual Studio Solution File, Format Version 12.00
# Visual Studio Version 16
VisualStudioVersion = 16.0.31829.152
MinimumVisualStudioVersion = 10.0.40219.1
Project("{FAE04EC0-301F-11D3-BF4B-00C04F79EFBC}") = "20_task", "20_task\20_task.csproj", "{D9913BD5-FC09-4274-A891-3C29A5BD323B}"
EndProject
Global
	GlobalSection(SolutionConfigurationPlatforms) = preSolution
		Debug|Any CPU = Debug|Any CPU
		Release|Any CPU = Release|Any CPU
	EndGlobalSection
	GlobalSection(ProjectConfigurationPlatforms) = postSolution
		{D9913BD5-FC09-4274-A891-3C29A5BD323B}.Debug|Any CPU.ActiveCfg = Debug|Any CPU
		{D9913BD5-FC09-4274-A891-3C29A5BD323B}.Debug|Any CPU.Build.0 = Debug|Any CPU
		{D9913BD5-FC09-4274-A891-3C29A5BD323B}.Release|Any CPU.ActiveCfg = Release|Any CPU
		{D9913BD5-FC09-4274-A891-3C29A5BD323B}.Release|Any CPU.Build.0 = Release|Any CPU
	EndGlobalSection
	GlobalSection(SolutionProperties) = preSolution
		HideSolutionNode = FALSE
	EndGlobalSection
	GlobalSection(ExtensibilityGlobals) = postSolution
		SolutionGuid = {0D0CF558-D582-400C-AF76-DCA475CB2F82}
	EndGlobalSection
EndGlobal
